
Microsoft Visual Studio Solution File, Format Version 12.00
# Visual Studio Version 17
VisualStudioVersion = 17.13.35825.156
MinimumVisualStudioVersion = 10.0.40219.1
Project("{FAE04EC0-301F-11D3-BF4B-00C04F79EFBC}") = "Application", "Application\Application.csproj", "{64287B91-30D0-4934-BA85-13CDBAE1B00D}"
EndProject
Project("{FAE04EC0-301F-11D3-BF4B-00C04F79EFBC}") = "Domain", "Domain\Domain.csproj", "{8D0C2903-CFD6-44A7-AFA9-853DFAE2E7FC}"
EndProject
Project("{FAE04EC0-301F-11D3-BF4B-00C04F79EFBC}") = "Infrastructure", "Infrastructure\Infrastructure.csproj", "{D6C59751-1DDE-4164-8659-00BD1488DB90}"
EndProject
Project("{2150E333-8FDC-42A3-9474-1A3956D46DE8}") = "src", "src", "{02EA681E-C7D8-13C7-8484-4AC65E1B71E8}"
EndProject
Project("{FAE04EC0-301F-11D3-BF4B-00C04F79EFBC}") = "WebApi", "WebApi\WebApi.csproj", "{41D68624-03AA-4090-A5EB-6C4293FD4AB2}"
EndProject
Project("{2150E333-8FDC-42A3-9474-1A3956D46DE8}") = "Solution Items", "Solution Items", "{8EC462FD-D22E-90A8-E5CE-7E832BA40C5D}"
	ProjectSection(SolutionItems) = preProject
		.editorconfig = .editorconfig
	EndProjectSection
EndProject
Global
	GlobalSection(SolutionConfigurationPlatforms) = preSolution
		Debug|Any CPU = Debug|Any CPU
		Release|Any CPU = Release|Any CPU
	EndGlobalSection
	GlobalSection(ProjectConfigurationPlatforms) = postSolution
		{64287B91-30D0-4934-BA85-13CDBAE1B00D}.Debug|Any CPU.ActiveCfg = Debug|Any CPU
		{64287B91-30D0-4934-BA85-13CDBAE1B00D}.Debug|Any CPU.Build.0 = Debug|Any CPU
		{64287B91-30D0-4934-BA85-13CDBAE1B00D}.Release|Any CPU.ActiveCfg = Release|Any CPU
		{64287B91-30D0-4934-BA85-13CDBAE1B00D}.Release|Any CPU.Build.0 = Release|Any CPU
		{8D0C2903-CFD6-44A7-AFA9-853DFAE2E7FC}.Debug|Any CPU.ActiveCfg = Debug|Any CPU
		{8D0C2903-CFD6-44A7-AFA9-853DFAE2E7FC}.Debug|Any CPU.Build.0 = Debug|Any CPU
		{8D0C2903-CFD6-44A7-AFA9-853DFAE2E7FC}.Release|Any CPU.ActiveCfg = Release|Any CPU
		{8D0C2903-CFD6-44A7-AFA9-853DFAE2E7FC}.Release|Any CPU.Build.0 = Release|Any CPU
		{D6C59751-1DDE-4164-8659-00BD1488DB90}.Debug|Any CPU.ActiveCfg = Debug|Any CPU
		{D6C59751-1DDE-4164-8659-00BD1488DB90}.Debug|Any CPU.Build.0 = Debug|Any CPU
		{D6C59751-1DDE-4164-8659-00BD1488DB90}.Release|Any CPU.ActiveCfg = Release|Any CPU
		{D6C59751-1DDE-4164-8659-00BD1488DB90}.Release|Any CPU.Build.0 = Release|Any CPU
		{41D68624-03AA-4090-A5EB-6C4293FD4AB2}.Debug|Any CPU.ActiveCfg = Debug|Any CPU
		{41D68624-03AA-4090-A5EB-6C4293FD4AB2}.Debug|Any CPU.Build.0 = Debug|Any CPU
		{41D68624-03AA-4090-A5EB-6C4293FD4AB2}.Release|Any CPU.ActiveCfg = Release|Any CPU
		{41D68624-03AA-4090-A5EB-6C4293FD4AB2}.Release|Any CPU.Build.0 = Release|Any CPU
	EndGlobalSection
	GlobalSection(SolutionProperties) = preSolution
		HideSolutionNode = FALSE
	EndGlobalSection
	GlobalSection(NestedProjects) = preSolution
		{64287B91-30D0-4934-BA85-13CDBAE1B00D} = {02EA681E-C7D8-13C7-8484-4AC65E1B71E8}
		{8D0C2903-CFD6-44A7-AFA9-853DFAE2E7FC} = {02EA681E-C7D8-13C7-8484-4AC65E1B71E8}
		{D6C59751-1DDE-4164-8659-00BD1488DB90} = {02EA681E-C7D8-13C7-8484-4AC65E1B71E8}
		{41D68624-03AA-4090-A5EB-6C4293FD4AB2} = {02EA681E-C7D8-13C7-8484-4AC65E1B71E8}
	EndGlobalSection
	GlobalSection(ExtensibilityGlobals) = postSolution
		SolutionGuid = {4089DEF4-F3DB-4021-A9B4-9698322661B8}
	EndGlobalSection
EndGlobal
